
Microsoft Visual Studio Solution File, Format Version 12.00
# Visual Studio Version 17
VisualStudioVersion = 17.0.31903.59
MinimumVisualStudioVersion = 10.0.40219.1
Project("{FAE04EC0-301F-11D3-BF4B-00C04F79EFBC}") = "Tracker.Domain", "Tracker.Domain\Tracker.Domain.csproj", "{1CAFC39A-72D8-4A11-BA90-6E174AAD49D0}"
EndProject
Project("{FAE04EC0-301F-11D3-BF4B-00C04F79EFBC}") = "Tracker.Infrastructure", "Tracker.Infrastructure\Tracker.Infrastructure.csproj", "{AA5B3B4F-E9D0-4F57-863F-8806D5A68034}"
EndProject
Project("{FAE04EC0-301F-11D3-BF4B-00C04F79EFBC}") = "Tracker.Application", "Tracker.Application\Tracker.Application.csproj", "{BAAC4110-CD40-4645-B797-2439F826DEF1}"
EndProject
Project("{FAE04EC0-301F-11D3-BF4B-00C04F79EFBC}") = "Tracker.API", "Tracker.API\Tracker.API.csproj", "{5A92C150-18E4-4D6C-936E-DC85403DCE44}"
EndProject
Project("{FAE04EC0-301F-11D3-BF4B-00C04F79EFBC}") = "Tracker.WebSocket", "Tracker.WebSocket\Tracker.WebSocket.csproj", "{51DE2D94-DAB2-4D18-A18D-B546A5C8923E}"
EndProject
Project("{FAE04EC0-301F-11D3-BF4B-00C04F79EFBC}") = "Tracker.Worker", "Tracker.Worker\Tracker.Worker.csproj", "{8B8C6363-9372-4EB6-9144-82A709416D0D}"
EndProject
Project("{FAE04EC0-301F-11D3-BF4B-00C04F79EFBC}") = "Tracker.Contracts", "Tracker.Contracts\Tracker.Contracts.csproj", "{C8611733-0778-48B7-884B-F6536D8D74F9}"
EndProject
Project("{2150E333-8FDC-42A3-9474-1A3956D46DE8}") = "Elementos de la solución", "Elementos de la solución", "{D107F4C8-89CC-BEA8-D3D7-CA6B7733353D}"
	ProjectSection(SolutionItems) = preProject
		comandosEntitys_OtrasCosas.txt = comandosEntitys_OtrasCosas.txt
	EndProjectSection
EndProject
Global
	GlobalSection(SolutionConfigurationPlatforms) = preSolution
		Debug|Any CPU = Debug|Any CPU
		Debug|x64 = Debug|x64
		Debug|x86 = Debug|x86
		Release|Any CPU = Release|Any CPU
		Release|x64 = Release|x64
		Release|x86 = Release|x86
	EndGlobalSection
	GlobalSection(ProjectConfigurationPlatforms) = postSolution
		{1CAFC39A-72D8-4A11-BA90-6E174AAD49D0}.Debug|Any CPU.ActiveCfg = Debug|Any CPU
		{1CAFC39A-72D8-4A11-BA90-6E174AAD49D0}.Debug|Any CPU.Build.0 = Debug|Any CPU
		{1CAFC39A-72D8-4A11-BA90-6E174AAD49D0}.Debug|x64.ActiveCfg = Debug|Any CPU
		{1CAFC39A-72D8-4A11-BA90-6E174AAD49D0}.Debug|x64.Build.0 = Debug|Any CPU
		{1CAFC39A-72D8-4A11-BA90-6E174AAD49D0}.Debug|x86.ActiveCfg = Debug|Any CPU
		{1CAFC39A-72D8-4A11-BA90-6E174AAD49D0}.Debug|x86.Build.0 = Debug|Any CPU
		{1CAFC39A-72D8-4A11-BA90-6E174AAD49D0}.Release|Any CPU.ActiveCfg = Release|Any CPU
		{1CAFC39A-72D8-4A11-BA90-6E174AAD49D0}.Release|Any CPU.Build.0 = Release|Any CPU
		{1CAFC39A-72D8-4A11-BA90-6E174AAD49D0}.Release|x64.ActiveCfg = Release|Any CPU
		{1CAFC39A-72D8-4A11-BA90-6E174AAD49D0}.Release|x64.Build.0 = Release|Any CPU
		{1CAFC39A-72D8-4A11-BA90-6E174AAD49D0}.Release|x86.ActiveCfg = Release|Any CPU
		{1CAFC39A-72D8-4A11-BA90-6E174AAD49D0}.Release|x86.Build.0 = Release|Any CPU
		{AA5B3B4F-E9D0-4F57-863F-8806D5A68034}.Debug|Any CPU.ActiveCfg = Debug|Any CPU
		{AA5B3B4F-E9D0-4F57-863F-8806D5A68034}.Debug|Any CPU.Build.0 = Debug|Any CPU
		{AA5B3B4F-E9D0-4F57-863F-8806D5A68034}.Debug|x64.ActiveCfg = Debug|Any CPU
		{AA5B3B4F-E9D0-4F57-863F-8806D5A68034}.Debug|x64.Build.0 = Debug|Any CPU
		{AA5B3B4F-E9D0-4F57-863F-8806D5A68034}.Debug|x86.ActiveCfg = Debug|Any CPU
		{AA5B3B4F-E9D0-4F57-863F-8806D5A68034}.Debug|x86.Build.0 = Debug|Any CPU
		{AA5B3B4F-E9D0-4F57-863F-8806D5A68034}.Release|Any CPU.ActiveCfg = Release|Any CPU
		{AA5B3B4F-E9D0-4F57-863F-8806D5A68034}.Release|Any CPU.Build.0 = Release|Any CPU
		{AA5B3B4F-E9D0-4F57-863F-8806D5A68034}.Release|x64.ActiveCfg = Release|Any CPU
		{AA5B3B4F-E9D0-4F57-863F-8806D5A68034}.Release|x64.Build.0 = Release|Any CPU
		{AA5B3B4F-E9D0-4F57-863F-8806D5A68034}.Release|x86.ActiveCfg = Release|Any CPU
		{AA5B3B4F-E9D0-4F57-863F-8806D5A68034}.Release|x86.Build.0 = Release|Any CPU
		{BAAC4110-CD40-4645-B797-2439F826DEF1}.Debug|Any CPU.ActiveCfg = Debug|Any CPU
		{BAAC4110-CD40-4645-B797-2439F826DEF1}.Debug|Any CPU.Build.0 = Debug|Any CPU
		{BAAC4110-CD40-4645-B797-2439F826DEF1}.Debug|x64.ActiveCfg = Debug|Any CPU
		{BAAC4110-CD40-4645-B797-2439F826DEF1}.Debug|x64.Build.0 = Debug|Any CPU
		{BAAC4110-CD40-4645-B797-2439F826DEF1}.Debug|x86.ActiveCfg = Debug|Any CPU
		{BAAC4110-CD40-4645-B797-2439F826DEF1}.Debug|x86.Build.0 = Debug|Any CPU
		{BAAC4110-CD40-4645-B797-2439F826DEF1}.Release|Any CPU.ActiveCfg = Release|Any CPU
		{BAAC4110-CD40-4645-B797-2439F826DEF1}.Release|Any CPU.Build.0 = Release|Any CPU
		{BAAC4110-CD40-4645-B797-2439F826DEF1}.Release|x64.ActiveCfg = Release|Any CPU
		{BAAC4110-CD40-4645-B797-2439F826DEF1}.Release|x64.Build.0 = Release|Any CPU
		{BAAC4110-CD40-4645-B797-2439F826DEF1}.Release|x86.ActiveCfg = Release|Any CPU
		{BAAC4110-CD40-4645-B797-2439F826DEF1}.Release|x86.Build.0 = Release|Any CPU
		{5A92C150-18E4-4D6C-936E-DC85403DCE44}.Debug|Any CPU.ActiveCfg = Debug|Any CPU
		{5A92C150-18E4-4D6C-936E-DC85403DCE44}.Debug|Any CPU.Build.0 = Debug|Any CPU
		{5A92C150-18E4-4D6C-936E-DC85403DCE44}.Debug|x64.ActiveCfg = Debug|Any CPU
		{5A92C150-18E4-4D6C-936E-DC85403DCE44}.Debug|x64.Build.0 = Debug|Any CPU
		{5A92C150-18E4-4D6C-936E-DC85403DCE44}.Debug|x86.ActiveCfg = Debug|Any CPU
		{5A92C150-18E4-4D6C-936E-DC85403DCE44}.Debug|x86.Build.0 = Debug|Any CPU
		{5A92C150-18E4-4D6C-936E-DC85403DCE44}.Release|Any CPU.ActiveCfg = Release|Any CPU
		{5A92C150-18E4-4D6C-936E-DC85403DCE44}.Release|Any CPU.Build.0 = Release|Any CPU
		{5A92C150-18E4-4D6C-936E-DC85403DCE44}.Release|x64.ActiveCfg = Release|Any CPU
		{5A92C150-18E4-4D6C-936E-DC85403DCE44}.Release|x64.Build.0 = Release|Any CPU
		{5A92C150-18E4-4D6C-936E-DC85403DCE44}.Release|x86.ActiveCfg = Release|Any CPU
		{5A92C150-18E4-4D6C-936E-DC85403DCE44}.Release|x86.Build.0 = Release|Any CPU
		{51DE2D94-DAB2-4D18-A18D-B546A5C8923E}.Debug|Any CPU.ActiveCfg = Debug|Any CPU
		{51DE2D94-DAB2-4D18-A18D-B546A5C8923E}.Debug|Any CPU.Build.0 = Debug|Any CPU
		{51DE2D94-DAB2-4D18-A18D-B546A5C8923E}.Debug|x64.ActiveCfg = Debug|Any CPU
		{51DE2D94-DAB2-4D18-A18D-B546A5C8923E}.Debug|x64.Build.0 = Debug|Any CPU
		{51DE2D94-DAB2-4D18-A18D-B546A5C8923E}.Debug|x86.ActiveCfg = Debug|Any CPU
		{51DE2D94-DAB2-4D18-A18D-B546A5C8923E}.Debug|x86.Build.0 = Debug|Any CPU
		{51DE2D94-DAB2-4D18-A18D-B546A5C8923E}.Release|Any CPU.ActiveCfg = Release|Any CPU
		{51DE2D94-DAB2-4D18-A18D-B546A5C8923E}.Release|Any CPU.Build.0 = Release|Any CPU
		{51DE2D94-DAB2-4D18-A18D-B546A5C8923E}.Release|x64.ActiveCfg = Release|Any CPU
		{51DE2D94-DAB2-4D18-A18D-B546A5C8923E}.Release|x64.Build.0 = Release|Any CPU
		{51DE2D94-DAB2-4D18-A18D-B546A5C8923E}.Release|x86.ActiveCfg = Release|Any CPU
		{51DE2D94-DAB2-4D18-A18D-B546A5C8923E}.Release|x86.Build.0 = Release|Any CPU
		{8B8C6363-9372-4EB6-9144-82A709416D0D}.Debug|Any CPU.ActiveCfg = Debug|Any CPU
		{8B8C6363-9372-4EB6-9144-82A709416D0D}.Debug|Any CPU.Build.0 = Debug|Any CPU
		{8B8C6363-9372-4EB6-9144-82A709416D0D}.Debug|x64.ActiveCfg = Debug|Any CPU
		{8B8C6363-9372-4EB6-9144-82A709416D0D}.Debug|x64.Build.0 = Debug|Any CPU
		{8B8C6363-9372-4EB6-9144-82A709416D0D}.Debug|x86.ActiveCfg = Debug|Any CPU
		{8B8C6363-9372-4EB6-9144-82A709416D0D}.Debug|x86.Build.0 = Debug|Any CPU
		{8B8C6363-9372-4EB6-9144-82A709416D0D}.Release|Any CPU.ActiveCfg = Release|Any CPU
		{8B8C6363-9372-4EB6-9144-82A709416D0D}.Release|Any CPU.Build.0 = Release|Any CPU
		{8B8C6363-9372-4EB6-9144-82A709416D0D}.Release|x64.ActiveCfg = Release|Any CPU
		{8B8C6363-9372-4EB6-9144-82A709416D0D}.Release|x64.Build.0 = Release|Any CPU
		{8B8C6363-9372-4EB6-9144-82A709416D0D}.Release|x86.ActiveCfg = Release|Any CPU
		{8B8C6363-9372-4EB6-9144-82A709416D0D}.Release|x86.Build.0 = Release|Any CPU
		{C8611733-0778-48B7-884B-F6536D8D74F9}.Debug|Any CPU.ActiveCfg = Debug|Any CPU
		{C8611733-0778-48B7-884B-F6536D8D74F9}.Debug|Any CPU.Build.0 = Debug|Any CPU
		{C8611733-0778-48B7-884B-F6536D8D74F9}.Debug|x64.ActiveCfg = Debug|Any CPU
		{C8611733-0778-48B7-884B-F6536D8D74F9}.Debug|x64.Build.0 = Debug|Any CPU
		{C8611733-0778-48B7-884B-F6536D8D74F9}.Debug|x86.ActiveCfg = Debug|Any CPU
		{C8611733-0778-48B7-884B-F6536D8D74F9}.Debug|x86.Build.0 = Debug|Any CPU
		{C8611733-0778-48B7-884B-F6536D8D74F9}.Release|Any CPU.ActiveCfg = Release|Any CPU
		{C8611733-0778-48B7-884B-F6536D8D74F9}.Release|Any CPU.Build.0 = Release|Any CPU
		{C8611733-0778-48B7-884B-F6536D8D74F9}.Release|x64.ActiveCfg = Release|Any CPU
		{C8611733-0778-48B7-884B-F6536D8D74F9}.Release|x64.Build.0 = Release|Any CPU
		{C8611733-0778-48B7-884B-F6536D8D74F9}.Release|x86.ActiveCfg = Release|Any CPU
		{C8611733-0778-48B7-884B-F6536D8D74F9}.Release|x86.Build.0 = Release|Any CPU
	EndGlobalSection
	GlobalSection(SolutionProperties) = preSolution
		HideSolutionNode = FALSE
	EndGlobalSection
	GlobalSection(ExtensibilityGlobals) = postSolution
		SolutionGuid = {79995C0C-C2DF-4F23-9E02-7193E9B4CC03}
	EndGlobalSection
EndGlobal
